
Microsoft Visual Studio Solution File, Format Version 12.00
# Visual Studio Version 16
VisualStudioVersion = 16.0.31205.134
MinimumVisualStudioVersion = 10.0.40219.1
Project("{FAE04EC0-301F-11D3-BF4B-00C04F79EFBC}") = "PokerGamesProject", "PokerGamesProject.csproj", "{FE7B7220-5085-4368-B5E7-5351562399D0}"
EndProject
Global
	GlobalSection(SolutionConfigurationPlatforms) = preSolution
		Debug|Any CPU = Debug|Any CPU
		Release|Any CPU = Release|Any CPU
	EndGlobalSection
	GlobalSection(ProjectConfigurationPlatforms) = postSolution
		{FE7B7220-5085-4368-B5E7-5351562399D0}.Debug|Any CPU.ActiveCfg = Debug|Any CPU
		{FE7B7220-5085-4368-B5E7-5351562399D0}.Debug|Any CPU.Build.0 = Debug|Any CPU
		{FE7B7220-5085-4368-B5E7-5351562399D0}.Release|Any CPU.ActiveCfg = Release|Any CPU
		{FE7B7220-5085-4368-B5E7-5351562399D0}.Release|Any CPU.Build.0 = Release|Any CPU
	EndGlobalSection
	GlobalSection(SolutionProperties) = preSolution
		HideSolutionNode = FALSE
	EndGlobalSection
	GlobalSection(ExtensibilityGlobals) = postSolution
		SolutionGuid = {AEB9E062-EF9B-4FBC-AA01-F4BF2851A929}
	EndGlobalSection
EndGlobal
